
Microsoft Visual Studio Solution File, Format Version 12.00
# Visual Studio Version 16
VisualStudioVersion = 16.0.32228.343
MinimumVisualStudioVersion = 10.0.40219.1
Project("{8BC9CEB8-8B4A-11D0-8D11-00A0C91BC942}") = "4_laba", "4_laba.vcxproj", "{67E16670-98B0-4E9D-B985-303BC8CD7C04}"
EndProject
Project("{8BC9CEB8-8B4A-11D0-8D11-00A0C91BC942}") = "5_laba", "..\5_laba\5_laba.vcxproj", "{C6EF1D72-2B91-4AAF-B4D7-041EE8525E93}"
EndProject
Global
	GlobalSection(SolutionConfigurationPlatforms) = preSolution
		Debug|x64 = Debug|x64
		Debug|x86 = Debug|x86
		Release|x64 = Release|x64
		Release|x86 = Release|x86
	EndGlobalSection
	GlobalSection(ProjectConfigurationPlatforms) = postSolution
		{67E16670-98B0-4E9D-B985-303BC8CD7C04}.Debug|x64.ActiveCfg = Debug|x64
		{67E16670-98B0-4E9D-B985-303BC8CD7C04}.Debug|x64.Build.0 = Debug|x64
		{67E16670-98B0-4E9D-B985-303BC8CD7C04}.Debug|x86.ActiveCfg = Debug|Win32
		{67E16670-98B0-4E9D-B985-303BC8CD7C04}.Debug|x86.Build.0 = Debug|Win32
		{67E16670-98B0-4E9D-B985-303BC8CD7C04}.Release|x64.ActiveCfg = Release|x64
		{67E16670-98B0-4E9D-B985-303BC8CD7C04}.Release|x64.Build.0 = Release|x64
		{67E16670-98B0-4E9D-B985-303BC8CD7C04}.Release|x86.ActiveCfg = Release|Win32
		{67E16670-98B0-4E9D-B985-303BC8CD7C04}.Release|x86.Build.0 = Release|Win32
		{C6EF1D72-2B91-4AAF-B4D7-041EE8525E93}.Debug|x64.ActiveCfg = Debug|x64
		{C6EF1D72-2B91-4AAF-B4D7-041EE8525E93}.Debug|x64.Build.0 = Debug|x64
		{C6EF1D72-2B91-4AAF-B4D7-041EE8525E93}.Debug|x86.ActiveCfg = Debug|Win32
		{C6EF1D72-2B91-4AAF-B4D7-041EE8525E93}.Debug|x86.Build.0 = Debug|Win32
		{C6EF1D72-2B91-4AAF-B4D7-041EE8525E93}.Release|x64.ActiveCfg = Release|x64
		{C6EF1D72-2B91-4AAF-B4D7-041EE8525E93}.Release|x64.Build.0 = Release|x64
		{C6EF1D72-2B91-4AAF-B4D7-041EE8525E93}.Release|x86.ActiveCfg = Release|Win32
		{C6EF1D72-2B91-4AAF-B4D7-041EE8525E93}.Release|x86.Build.0 = Release|Win32
	EndGlobalSection
	GlobalSection(SolutionProperties) = preSolution
		HideSolutionNode = FALSE
	EndGlobalSection
	GlobalSection(ExtensibilityGlobals) = postSolution
		SolutionGuid = {1950A043-3B9F-45EF-A2A3-EC40A2C387E5}
	EndGlobalSection
EndGlobal
